
Microsoft Visual Studio Solution File, Format Version 12.00
# Visual Studio Version 16
VisualStudioVersion = 16.0.30608.117
MinimumVisualStudioVersion = 15.0.26124.0
Project("{9A19103F-16F7-4668-BE54-9A1E7A4F7556}") = "BasicWinForms", "BasicWinForms\BasicWinForms.csproj", "{66111AFE-6BA0-462A-B82A-DC0B8C96737D}"
EndProject
Project("{FAE04EC0-301F-11D3-BF4B-00C04F79EFBC}") = "FluentUwpApp", "FluentUwpApp\FluentUwpApp.csproj", "{89893A49-C481-4CE8-8B01-70E492843E01}"
EndProject
Project("{FAE04EC0-301F-11D3-BF4B-00C04F79EFBC}") = "NorthwindFluent", "NorthwindFluent\NorthwindFluent.csproj", "{6568D06F-2238-4CD2-8565-360DC38F4BCB}"
EndProject
Project("{9A19103F-16F7-4668-BE54-9A1E7A4F7556}") = "NorthwindEntitiesLib", "..\NorthwindEntitiesLib\NorthwindEntitiesLib.csproj", "{A24E47D1-94ED-4094-9ABD-688D5F0EFD47}"
EndProject
Global
	GlobalSection(SolutionConfigurationPlatforms) = preSolution
		Debug|Any CPU = Debug|Any CPU
		Debug|ARM = Debug|ARM
		Debug|ARM64 = Debug|ARM64
		Debug|x64 = Debug|x64
		Debug|x86 = Debug|x86
		Release|Any CPU = Release|Any CPU
		Release|ARM = Release|ARM
		Release|ARM64 = Release|ARM64
		Release|x64 = Release|x64
		Release|x86 = Release|x86
	EndGlobalSection
	GlobalSection(ProjectConfigurationPlatforms) = postSolution
		{66111AFE-6BA0-462A-B82A-DC0B8C96737D}.Debug|Any CPU.ActiveCfg = Debug|Any CPU
		{66111AFE-6BA0-462A-B82A-DC0B8C96737D}.Debug|Any CPU.Build.0 = Debug|Any CPU
		{66111AFE-6BA0-462A-B82A-DC0B8C96737D}.Debug|ARM.ActiveCfg = Debug|Any CPU
		{66111AFE-6BA0-462A-B82A-DC0B8C96737D}.Debug|ARM.Build.0 = Debug|Any CPU
		{66111AFE-6BA0-462A-B82A-DC0B8C96737D}.Debug|ARM64.ActiveCfg = Debug|Any CPU
		{66111AFE-6BA0-462A-B82A-DC0B8C96737D}.Debug|ARM64.Build.0 = Debug|Any CPU
		{66111AFE-6BA0-462A-B82A-DC0B8C96737D}.Debug|x64.ActiveCfg = Debug|Any CPU
		{66111AFE-6BA0-462A-B82A-DC0B8C96737D}.Debug|x64.Build.0 = Debug|Any CPU
		{66111AFE-6BA0-462A-B82A-DC0B8C96737D}.Debug|x86.ActiveCfg = Debug|Any CPU
		{66111AFE-6BA0-462A-B82A-DC0B8C96737D}.Debug|x86.Build.0 = Debug|Any CPU
		{66111AFE-6BA0-462A-B82A-DC0B8C96737D}.Release|Any CPU.ActiveCfg = Release|Any CPU
		{66111AFE-6BA0-462A-B82A-DC0B8C96737D}.Release|Any CPU.Build.0 = Release|Any CPU
		{66111AFE-6BA0-462A-B82A-DC0B8C96737D}.Release|ARM.ActiveCfg = Release|Any CPU
		{66111AFE-6BA0-462A-B82A-DC0B8C96737D}.Release|ARM.Build.0 = Release|Any CPU
		{66111AFE-6BA0-462A-B82A-DC0B8C96737D}.Release|ARM64.ActiveCfg = Release|Any CPU
		{66111AFE-6BA0-462A-B82A-DC0B8C96737D}.Release|ARM64.Build.0 = Release|Any CPU
		{66111AFE-6BA0-462A-B82A-DC0B8C96737D}.Release|x64.ActiveCfg = Release|Any CPU
		{66111AFE-6BA0-462A-B82A-DC0B8C96737D}.Release|x64.Build.0 = Release|Any CPU
		{66111AFE-6BA0-462A-B82A-DC0B8C96737D}.Release|x86.ActiveCfg = Release|Any CPU
		{66111AFE-6BA0-462A-B82A-DC0B8C96737D}.Release|x86.Build.0 = Release|Any CPU
		{89893A49-C481-4CE8-8B01-70E492843E01}.Debug|Any CPU.ActiveCfg = Debug|x64
		{89893A49-C481-4CE8-8B01-70E492843E01}.Debug|Any CPU.Build.0 = Debug|x64
		{89893A49-C481-4CE8-8B01-70E492843E01}.Debug|Any CPU.Deploy.0 = Debug|x64
		{89893A49-C481-4CE8-8B01-70E492843E01}.Debug|ARM.ActiveCfg = Debug|ARM
		{89893A49-C481-4CE8-8B01-70E492843E01}.Debug|ARM.Build.0 = Debug|ARM
		{89893A49-C481-4CE8-8B01-70E492843E01}.Debug|ARM.Deploy.0 = Debug|ARM
		{89893A49-C481-4CE8-8B01-70E492843E01}.Debug|ARM64.ActiveCfg = Debug|ARM64
		{89893A49-C481-4CE8-8B01-70E492843E01}.Debug|ARM64.Build.0 = Debug|ARM64
		{89893A49-C481-4CE8-8B01-70E492843E01}.Debug|ARM64.Deploy.0 = Debug|ARM64
		{89893A49-C481-4CE8-8B01-70E492843E01}.Debug|x64.ActiveCfg = Debug|x64
		{89893A49-C481-4CE8-8B01-70E492843E01}.Debug|x64.Build.0 = Debug|x64
		{89893A49-C481-4CE8-8B01-70E492843E01}.Debug|x64.Deploy.0 = Debug|x64
		{89893A49-C481-4CE8-8B01-70E492843E01}.Debug|x86.ActiveCfg = Debug|x86
		{89893A49-C481-4CE8-8B01-70E492843E01}.Debug|x86.Build.0 = Debug|x86
		{89893A49-C481-4CE8-8B01-70E492843E01}.Debug|x86.Deploy.0 = Debug|x86
		{89893A49-C481-4CE8-8B01-70E492843E01}.Release|Any CPU.ActiveCfg = Release|x86
		{89893A49-C481-4CE8-8B01-70E492843E01}.Release|ARM.ActiveCfg = Release|ARM
		{89893A49-C481-4CE8-8B01-70E492843E01}.Release|ARM.Build.0 = Release|ARM
		{89893A49-C481-4CE8-8B01-70E492843E01}.Release|ARM.Deploy.0 = Release|ARM
		{89893A49-C481-4CE8-8B01-70E492843E01}.Release|ARM64.ActiveCfg = Release|ARM64
		{89893A49-C481-4CE8-8B01-70E492843E01}.Release|ARM64.Build.0 = Release|ARM64
		{89893A49-C481-4CE8-8B01-70E492843E01}.Release|ARM64.Deploy.0 = Release|ARM64
		{89893A49-C481-4CE8-8B01-70E492843E01}.Release|x64.ActiveCfg = Release|x64
		{89893A49-C481-4CE8-8B01-70E492843E01}.Release|x64.Build.0 = Release|x64
		{89893A49-C481-4CE8-8B01-70E492843E01}.Release|x64.Deploy.0 = Release|x64
		{89893A49-C481-4CE8-8B01-70E492843E01}.Release|x86.ActiveCfg = Release|x86
		{89893A49-C481-4CE8-8B01-70E492843E01}.Release|x86.Build.0 = Release|x86
		{89893A49-C481-4CE8-8B01-70E492843E01}.Release|x86.Deploy.0 = Release|x86
		{6568D06F-2238-4CD2-8565-360DC38F4BCB}.Debug|Any CPU.ActiveCfg = Debug|x64
		{6568D06F-2238-4CD2-8565-360DC38F4BCB}.Debug|Any CPU.Build.0 = Debug|x64
		{6568D06F-2238-4CD2-8565-360DC38F4BCB}.Debug|Any CPU.Deploy.0 = Debug|x64
		{6568D06F-2238-4CD2-8565-360DC38F4BCB}.Debug|ARM.ActiveCfg = Debug|ARM
		{6568D06F-2238-4CD2-8565-360DC38F4BCB}.Debug|ARM.Build.0 = Debug|ARM
		{6568D06F-2238-4CD2-8565-360DC38F4BCB}.Debug|ARM.Deploy.0 = Debug|ARM
		{6568D06F-2238-4CD2-8565-360DC38F4BCB}.Debug|ARM64.ActiveCfg = Debug|ARM64
		{6568D06F-2238-4CD2-8565-360DC38F4BCB}.Debug|ARM64.Build.0 = Debug|ARM64
		{6568D06F-2238-4CD2-8565-360DC38F4BCB}.Debug|ARM64.Deploy.0 = Debug|ARM64
		{6568D06F-2238-4CD2-8565-360DC38F4BCB}.Debug|x64.ActiveCfg = Debug|x64
		{6568D06F-2238-4CD2-8565-360DC38F4BCB}.Debug|x64.Build.0 = Debug|x64
		{6568D06F-2238-4CD2-8565-360DC38F4BCB}.Debug|x64.Deploy.0 = Debug|x64
		{6568D06F-2238-4CD2-8565-360DC38F4BCB}.Debug|x86.ActiveCfg = Debug|x86
		{6568D06F-2238-4CD2-8565-360DC38F4BCB}.Debug|x86.Build.0 = Debug|x86
		{6568D06F-2238-4CD2-8565-360DC38F4BCB}.Debug|x86.Deploy.0 = Debug|x86
		{6568D06F-2238-4CD2-8565-360DC38F4BCB}.Release|Any CPU.ActiveCfg = Release|x86
		{6568D06F-2238-4CD2-8565-360DC38F4BCB}.Release|ARM.ActiveCfg = Release|ARM
		{6568D06F-2238-4CD2-8565-360DC38F4BCB}.Release|ARM.Build.0 = Release|ARM
		{6568D06F-2238-4CD2-8565-360DC38F4BCB}.Release|ARM.Deploy.0 = Release|ARM
		{6568D06F-2238-4CD2-8565-360DC38F4BCB}.Release|ARM64.ActiveCfg = Release|ARM64
		{6568D06F-2238-4CD2-8565-360DC38F4BCB}.Release|ARM64.Build.0 = Release|ARM64
		{6568D06F-2238-4CD2-8565-360DC38F4BCB}.Release|ARM64.Deploy.0 = Release|ARM64
		{6568D06F-2238-4CD2-8565-360DC38F4BCB}.Release|x64.ActiveCfg = Release|x64
		{6568D06F-2238-4CD2-8565-360DC38F4BCB}.Release|x64.Build.0 = Release|x64
		{6568D06F-2238-4CD2-8565-360DC38F4BCB}.Release|x64.Deploy.0 = Release|x64
		{6568D06F-2238-4CD2-8565-360DC38F4BCB}.Release|x86.ActiveCfg = Release|x86
		{6568D06F-2238-4CD2-8565-360DC38F4BCB}.Release|x86.Build.0 = Release|x86
		{6568D06F-2238-4CD2-8565-360DC38F4BCB}.Release|x86.Deploy.0 = Release|x86
		{A24E47D1-94ED-4094-9ABD-688D5F0EFD47}.Debug|Any CPU.ActiveCfg = Debug|Any CPU
		{A24E47D1-94ED-4094-9ABD-688D5F0EFD47}.Debug|Any CPU.Build.0 = Debug|Any CPU
		{A24E47D1-94ED-4094-9ABD-688D5F0EFD47}.Debug|ARM.ActiveCfg = Debug|Any CPU
		{A24E47D1-94ED-4094-9ABD-688D5F0EFD47}.Debug|ARM.Build.0 = Debug|Any CPU
		{A24E47D1-94ED-4094-9ABD-688D5F0EFD47}.Debug|ARM64.ActiveCfg = Debug|Any CPU
		{A24E47D1-94ED-4094-9ABD-688D5F0EFD47}.Debug|ARM64.Build.0 = Debug|Any CPU
		{A24E47D1-94ED-4094-9ABD-688D5F0EFD47}.Debug|x64.ActiveCfg = Debug|Any CPU
		{A24E47D1-94ED-4094-9ABD-688D5F0EFD47}.Debug|x64.Build.0 = Debug|Any CPU
		{A24E47D1-94ED-4094-9ABD-688D5F0EFD47}.Debug|x86.ActiveCfg = Debug|Any CPU
		{A24E47D1-94ED-4094-9ABD-688D5F0EFD47}.Debug|x86.Build.0 = Debug|Any CPU
		{A24E47D1-94ED-4094-9ABD-688D5F0EFD47}.Release|Any CPU.ActiveCfg = Release|Any CPU
		{A24E47D1-94ED-4094-9ABD-688D5F0EFD47}.Release|Any CPU.Build.0 = Release|Any CPU
		{A24E47D1-94ED-4094-9ABD-688D5F0EFD47}.Release|ARM.ActiveCfg = Release|Any CPU
		{A24E47D1-94ED-4094-9ABD-688D5F0EFD47}.Release|ARM.Build.0 = Release|Any CPU
		{A24E47D1-94ED-4094-9ABD-688D5F0EFD47}.Release|ARM64.ActiveCfg = Release|Any CPU
		{A24E47D1-94ED-4094-9ABD-688D5F0EFD47}.Release|ARM64.Build.0 = Release|Any CPU
		{A24E47D1-94ED-4094-9ABD-688D5F0EFD47}.Release|x64.ActiveCfg = Release|Any CPU
		{A24E47D1-94ED-4094-9ABD-688D5F0EFD47}.Release|x64.Build.0 = Release|Any CPU
		{A24E47D1-94ED-4094-9ABD-688D5F0EFD47}.Release|x86.ActiveCfg = Release|Any CPU
		{A24E47D1-94ED-4094-9ABD-688D5F0EFD47}.Release|x86.Build.0 = Release|Any CPU
	EndGlobalSection
	GlobalSection(SolutionProperties) = preSolution
		HideSolutionNode = FALSE
	EndGlobalSection
	GlobalSection(ExtensibilityGlobals) = postSolution
		SolutionGuid = {958F3990-4F49-4BB1-A4CE-15B5482C7C4B}
	EndGlobalSection
EndGlobal
